
Microsoft Visual Studio Solution File, Format Version 12.00
# Visual Studio Version 17
VisualStudioVersion = 17.13.35828.75 d17.13
MinimumVisualStudioVersion = 10.0.40219.1
Project("{8BC9CEB8-8B4A-11D0-8D11-00A0C91BC942}") = "Dynamic Flight Route Optimizer", "Dynamic Flight Route Optimizer.vcxproj", "{52398CB2-6BDD-41E1-908B-767FA4AB2B33}"
EndProject
Global
	GlobalSection(SolutionConfigurationPlatforms) = preSolution
		Debug|x64 = Debug|x64
		Release|x64 = Release|x64
	EndGlobalSection
	GlobalSection(ProjectConfigurationPlatforms) = postSolution
		{52398CB2-6BDD-41E1-908B-767FA4AB2B33}.Debug|x64.ActiveCfg = Debug|x64
		{52398CB2-6BDD-41E1-908B-767FA4AB2B33}.Debug|x64.Build.0 = Debug|x64
		{52398CB2-6BDD-41E1-908B-767FA4AB2B33}.Release|x64.ActiveCfg = Release|x64
		{52398CB2-6BDD-41E1-908B-767FA4AB2B33}.Release|x64.Build.0 = Release|x64
	EndGlobalSection
	GlobalSection(SolutionProperties) = preSolution
		HideSolutionNode = FALSE
	EndGlobalSection
	GlobalSection(ExtensibilityGlobals) = postSolution
		SolutionGuid = {A7A5F01F-4A8D-4537-847A-DE6CDD6D12F4}
	EndGlobalSection
EndGlobal
